{
  "requires": true,
  "lockfileVersion": 1,
  "dependencies": {
    "colors": {
      "version": "1.3.3",
      "resolved": "https://registry.npmjs.org/colors/-/colors-1.3.3.tgz",
      "integrity": "sha512-mmGt/1pZqYRjMxB1axhTo16/snVZ5krrKkcmMeVKxzECMMXoCgnvTPp10QgHfcbQZw8Dq2jMNG6je4JlWU0gWg=="
    },
    "solid-log": {
      "version": "1.0.2",
      "resolved": "https://registry.npmjs.org/solid-log/-/solid-log-1.0.2.tgz",
      "integrity": "sha512-JsrR8+0ZKa/7l+IoUv/xWm9wIa43qHnULJPdhAsPB1QS4fePbrMXx4ib7xCHz4U4v6Fxk+z7dUVxxGCghStVhA==",
      "requires": {
        "colors": "^1.3.3"
      }
    }
  }
}
